// !$*UTF8*$!
{
	archiveVersion = 1;
	classes = {
	};
	objectVersion = 50;
	objects = {

/* Begin PBXBuildFile section */
		300D889B26A5AA72003B1E33 /* Assets.xcassets in Resources */ = {isa = PBXBuildFile; fileRef = 300D889A26A5AA72003B1E33 /* Assets.xcassets */; };
		301BCA1526A0076600771130 /* LandmarkDetail.swift in Sources */ = {isa = PBXBuildFile; fileRef = 301BCA1426A0076600771130 /* LandmarkDetail.swift */; };
		30A5844C269E7686000DCFE0 /* Landmark.swift in Sources */ = {isa = PBXBuildFile; fileRef = 30A5844B269E7686000DCFE0 /* Landmark.swift */; };
		30D3FBD0269DBD490067FB26 /* AppDelegate.swift in Sources */ = {isa = PBXBuildFile; fileRef = 30D3FBCF269DBD490067FB26 /* AppDelegate.swift */; };
		30D3FBD2269DBD490067FB26 /* SceneDelegate.swift in Sources */ = {isa = PBXBuildFile; fileRef = 30D3FBD1269DBD490067FB26 /* SceneDelegate.swift */; };
		30D3FBD4269DBD490067FB26 /* ContentView.swift in Sources */ = {isa = PBXBuildFile; fileRef = 30D3FBD3269DBD490067FB26 /* ContentView.swift */; };
		30D3FBD9269DBD4B0067FB26 /* Preview Assets.xcassets in Resources */ = {isa = PBXBuildFile; fileRef = 30D3FBD8269DBD4B0067FB26 /* Preview Assets.xcassets */; };
		30D3FBDC269DBD4B0067FB26 /* LaunchScreen.storyboard in Resources */ = {isa = PBXBuildFile; fileRef = 30D3FBDA269DBD4B0067FB26 /* LaunchScreen.storyboard */; };
/* End PBXBuildFile section */

/* Begin PBXFileReference section */
		300D889A26A5AA72003B1E33 /* Assets.xcassets */ = {isa = PBXFileReference; lastKnownFileType = folder.assetcatalog; path = Assets.xcassets; sourceTree = "<group>"; };
		301BCA1426A0076600771130 /* LandmarkDetail.swift */ = {isa = PBXFileReference; lastKnownFileType = sourcecode.swift; path = LandmarkDetail.swift; sourceTree = "<group>"; };
		301BCA1626A01F0600771130 /* MyPlayground.playground */ = {isa = PBXFileReference; lastKnownFileType = file.playground; path = MyPlayground.playground; sourceTree = "<group>"; xcLanguageSpecificationIdentifier = xcode.lang.swift; };
		30A5844B269E7686000DCFE0 /* Landmark.swift */ = {isa = PBXFileReference; lastKnownFileType = sourcecode.swift; path = Landmark.swift; sourceTree = "<group>"; };
		30D3FBCC269DBD490067FB26 /* WorldLandmark.app */ = {isa = PBXFileReference; explicitFileType = wrapper.application; includeInIndex = 0; path = WorldLandmark.app; sourceTree = BUILT_PRODUCTS_DIR; };
		30D3FBCF269DBD490067FB26 /* AppDelegate.swift */ = {isa = PBXFileReference; lastKnownFileType = sourcecode.swift; path = AppDelegate.swift; sourceTree = "<group>"; };
		30D3FBD1269DBD490067FB26 /* SceneDelegate.swift */ = {isa = PBXFileReference; lastKnownFileType = sourcecode.swift; path = SceneDelegate.swift; sourceTree = "<group>"; };
		30D3FBD3269DBD490067FB26 /* ContentView.swift */ = {isa = PBXFileReference; lastKnownFileType = sourcecode.swift; path = ContentView.swift; sourceTree = "<group>"; };
		30D3FBD8269DBD4B0067FB26 /* Preview Assets.xcassets */ = {isa = PBXFileReference; lastKnownFileType = folder.assetcatalog; path = "Preview Assets.xcassets"; sourceTree = "<group>"; };
		30D3FBDB269DBD4B0067FB26 /* Base */ = {isa = PBXFileReference; lastKnownFileType = file.storyboard; name = Base; path = Base.lproj/LaunchScreen.storyboard; sourceTree = "<group>"; };
		30D3FBDD269DBD4B0067FB26 /* Info.plist */ = {isa = PBXFileReference; lastKnownFileType = text.plist.xml; path = Info.plist; sourceTree = "<group>"; };
/* End PBXFileReference section */

/* Begin PBXFrameworksBuildPhase section */
		30D3FBC9269DBD490067FB26 /* Frameworks */ = {
			isa = PBXFrameworksBuildPhase;
			buildActionMask = 2147483647;
			files = (
			);
			runOnlyForDeploymentPostprocessing = 0;
		};
/* End PBXFrameworksBuildPhase section */

/* Begin PBXGroup section */
		30D3FBC3269DBD490067FB26 = {
			isa = PBXGroup;
			children = (
				301BCA1626A01F0600771130 /* MyPlayground.playground */,
				30D3FBCE269DBD490067FB26 /* WorldLandmark */,
				30D3FBCD269DBD490067FB26 /* Products */,
			);
			sourceTree = "<group>";
		};
		30D3FBCD269DBD490067FB26 /* Products */ = {
			isa = PBXGroup;
			children = (
				30D3FBCC269DBD490067FB26 /* WorldLandmark.app */,
			);
			name = Products;
			sourceTree = "<group>";
		};
		30D3FBCE269DBD490067FB26 /* WorldLandmark */ = {
			isa = PBXGroup;
			children = (
				300D889A26A5AA72003B1E33 /* Assets.xcassets */,
				30D3FBCF269DBD490067FB26 /* AppDelegate.swift */,
				30D3FBD1269DBD490067FB26 /* SceneDelegate.swift */,
				30D3FBD3269DBD490067FB26 /* ContentView.swift */,
				30A5844B269E7686000DCFE0 /* Landmark.swift */,
				301BCA1426A0076600771130 /* LandmarkDetail.swift */,
				30D3FBDA269DBD4B0067FB26 /* LaunchScreen.storyboard */,
				30D3FBDD269DBD4B0067FB26 /* Info.plist */,
				30D3FBD7269DBD4B0067FB26 /* Preview Content */,
			);
			path = WorldLandmark;
			sourceTree = "<group>";
		};
		30D3FBD7269DBD4B0067FB26 /* Preview Content */ = {
			isa = PBXGroup;
			children = (
				30D3FBD8269DBD4B0067FB26 /* Preview Assets.xcassets */,
			);
			path = "Preview Content";
			sourceTree = "<group>";
		};
/* End PBXGroup section */

/* Begin PBXNativeTarget section */
		30D3FBCB269DBD490067FB26 /* WorldLandmark */ = {
			isa = PBXNativeTarget;
			buildConfigurationList = 30D3FBE0269DBD4B0067FB26 /* Build configuration list for PBXNativeTarget "WorldLandmark" */;
			buildPhases = (
				30D3FBC8269DBD490067FB26 /* Sources */,
				30D3FBC9269DBD490067FB26 /* Frameworks */,
				30D3FBCA269DBD490067FB26 /* Resources */,
			);
			buildRules = (
			);
			dependencies = (
			);
			name = WorldLandmark;
			productName = WorldLandmark;
			productReference = 30D3FBCC269DBD490067FB26 /* WorldLandmark.app */;
			productType = "com.apple.product-type.application";
		};
/* End PBXNativeTarget section */

/* Begin PBXProject section */
		30D3FBC4269DBD490067FB26 /* Project object */ = {
			isa = PBXProject;
			attributes = {
				LastSwiftUpdateCheck = 1250;
				LastUpgradeCheck = 1250;
				TargetAttributes = {
					30D3FBCB269DBD490067FB26 = {
						CreatedOnToolsVersion = 12.5.1;
					};
				};
			};
			buildConfigurationList = 30D3FBC7269DBD490067FB26 /* Build configuration list for PBXProject "WorldLandmark" */;
			compatibilityVersion = "Xcode 9.3";
			developmentRegion = en;
			hasScannedForEncodings = 0;
			knownRegions = (
				en,
				Base,
			);
			mainGroup = 30D3FBC3269DBD490067FB26;
			productRefGroup = 30D3FBCD269DBD490067FB26 /* Products */;
			projectDirPath = "";
			projectRoot = "";
			targets = (
				30D3FBCB269DBD490067FB26 /* WorldLandmark */,
			);
		};
/* End PBXProject section */

/* Begin PBXResourcesBuildPhase section */
		30D3FBCA269DBD490067FB26 /* Resources */ = {
			isa = PBXResourcesBuildPhase;
			buildActionMask = 2147483647;
			files = (
				30D3FBDC269DBD4B0067FB26 /* LaunchScreen.storyboard in Resources */,
				300D889B26A5AA72003B1E33 /* Assets.xcassets in Resources */,
				30D3FBD9269DBD4B0067FB26 /* Preview Assets.xcassets in Resources */,
			);
			runOnlyForDeploymentPostprocessing = 0;
		};
/* End PBXResourcesBuildPhase section */

/* Begin PBXSourcesBuildPhase section */
		30D3FBC8269DBD490067FB26 /* Sources */ = {
			isa = PBXSourcesBuildPhase;
			buildActionMask = 2147483647;
			files = (
				30D3FBD0269DBD490067FB26 /* AppDelegate.swift in Sources */,
				30D3FBD2269DBD490067FB26 /* SceneDelegate.swift in Sources */,
				30D3FBD4269DBD490067FB26 /* ContentView.swift in Sources */,
				301BCA1526A0076600771130 /* LandmarkDetail.swift in Sources */,
				30A5844C269E7686000DCFE0 /* Landmark.swift in Sources */,
			);
			runOnlyForDeploymentPostprocessing = 0;
		};
/* End PBXSourcesBuildPhase section */

/* Begin PBXVariantGroup section */
		30D3FBDA269DBD4B0067FB26 /* LaunchScreen.storyboard */ = {
			isa = PBXVariantGroup;
			children = (
				30D3FBDB269DBD4B0067FB26 /* Base */,
			);
			name = LaunchScreen.storyboard;
			sourceTree = "<group>";
		};
/* End PBXVariantGroup section */

/* Begin XCBuildConfiguration section */
		30D3FBDE269DBD4B0067FB26 /* Debug */ = {
			isa = XCBuildConfiguration;
			buildSettings = {
				ALWAYS_SEARCH_USER_PATHS = NO;
				CLANG_ANALYZER_NONNULL = YES;
				CLANG_ANALYZER_NUMBER_OBJECT_CONVERSION = YES_AGGRESSIVE;
				CLANG_CXX_LANGUAGE_STANDARD = "gnu++14";
				CLANG_CXX_LIBRARY = "libc++";
				CLANG_ENABLE_MODULES = YES;
				CLANG_ENABLE_OBJC_ARC = YES;
				CLANG_ENABLE_OBJC_WEAK = YES;
				CLANG_WARN_BLOCK_CAPTURE_AUTORELEASING = YES;
				CLANG_WARN_BOOL_CONVERSION = YES;
				CLANG_WARN_COMMA = YES;
				CLANG_WARN_CONSTANT_CONVERSION = YES;
				CLANG_WARN_DEPRECATED_OBJC_IMPLEMENTATIONS = YES;
				CLANG_WARN_DIRECT_OBJC_ISA_USAGE = YES_ERROR;
				CLANG_WARN_DOCUMENTATION_COMMENTS = YES;
				CLANG_WARN_EMPTY_BODY = YES;
				CLANG_WARN_ENUM_CONVERSION = YES;
				CLANG_WARN_INFINITE_RECURSION = YES;
				CLANG_WARN_INT_CONVERSION = YES;
				CLANG_WARN_NON_LITERAL_NULL_CONVERSION = YES;
				CLANG_WARN_OBJC_IMPLICIT_RETAIN_SELF = YES;
				CLANG_WARN_OBJC_LITERAL_CONVERSION = YES;
				CLANG_WARN_OBJC_ROOT_CLASS = YES_ERROR;
				CLANG_WARN_QUOTED_INCLUDE_IN_FRAMEWORK_HEADER = YES;
				CLANG_WARN_RANGE_LOOP_ANALYSIS = YES;
				CLANG_WARN_STRICT_PROTOTYPES = YES;
				CLANG_WARN_SUSPICIOUS_MOVE = YES;
				CLANG_WARN_UNGUARDED_AVAILABILITY = YES_AGGRESSIVE;
				CLANG_WARN_UNREACHABLE_CODE = YES;
				CLANG_WARN__DUPLICATE_METHOD_MATCH = YES;
				COPY_PHASE_STRIP = NO;
				DEBUG_INFORMATION_FORMAT = dwarf;
				ENABLE_STRICT_OBJC_MSGSEND = YES;
				ENABLE_TESTABILITY = YES;
				GCC_C_LANGUAGE_STANDARD = gnu11;
				GCC_DYNAMIC_NO_PIC = NO;
				GCC_NO_COMMON_BLOCKS = YES;
				GCC_OPTIMIZATION_LEVEL = 0;
				GCC_PREPROCESSOR_DEFINITIONS = (
					"DEBUG=1",
					"$(inherited)",
				);
				GCC_WARN_64_TO_32_BIT_CONVERSION = YES;
				GCC_WARN_ABOUT_RETURN_TYPE = YES_ERROR;
				GCC_WARN_UNDECLARED_SELECTOR = YES;
				GCC_WARN_UNINITIALIZED_AUTOS = YES_AGGRESSIVE;
				GCC_WARN_UNUSED_FUNCTION = YES;
				GCC_WARN_UNUSED_VARIABLE = YES;
				IPHONEOS_DEPLOYMENT_TARGET = 14.5;
				MTL_ENABLE_DEBUG_INFO = INCLUDE_SOURCE;
				MTL_FAST_MATH = YES;
				ONLY_ACTIVE_ARCH = YES;
				SDKROOT = iphoneos;
				SWIFT_ACTIVE_COMPILATION_CONDITIONS = DEBUG;
				SWIFT_OPTIMIZATION_LEVEL = "-Onone";
			};
			name = Debug;
		};
		30D3FBDF269DBD4B0067FB26 /* Release */ = {
			isa = XCBuildConfiguration;
			buildSettings = {
				ALWAYS_SEARCH_USER_PATHS = NO;
				CLANG_ANALYZER_NONNULL = YES;
				CLANG_ANALYZER_NUMBER_OBJECT_CONVERSION = YES_AGGRESSIVE;
				CLANG_CXX_LANGUAGE_STANDARD = "gnu++14";
				CLANG_CXX_LIBRARY = "libc++";
				CLANG_ENABLE_MODULES = YES;
				CLANG_ENABLE_OBJC_ARC = YES;
				CLANG_ENABLE_OBJC_WEAK = YES;
				CLANG_WARN_BLOCK_CAPTURE_AUTORELEASING = YES;
				CLANG_WARN_BOOL_CONVERSION = YES;
				CLANG_WARN_COMMA = YES;
				CLANG_WARN_CONSTANT_CONVERSION = YES;
				CLANG_WARN_DEPRECATED_OBJC_IMPLEMENTATIONS = YES;
				CLANG_WARN_DIRECT_OBJC_ISA_USAGE = YES_ERROR;
				CLANG_WARN_DOCUMENTATION_COMMENTS = YES;
				CLANG_WARN_EMPTY_BODY = YES;
				CLANG_WARN_ENUM_CONVERSION = YES;
				CLANG_WARN_INFINITE_RECURSION = YES;
				CLANG_WARN_INT_CONVERSION = YES;
				CLANG_WARN_NON_LITERAL_NULL_CONVERSION = YES;
				CLANG_WARN_OBJC_IMPLICIT_RETAIN_SELF = YES;
				CLANG_WARN_OBJC_LITERAL_CONVERSION = YES;
				CLANG_WARN_OBJC_ROOT_CLASS = YES_ERROR;
				CLANG_WARN_QUOTED_INCLUDE_IN_FRAMEWORK_HEADER = YES;
				CLANG_WARN_RANGE_LOOP_ANALYSIS = YES;
				CLANG_WARN_STRICT_PROTOTYPES = YES;
				CLANG_WARN_SUSPICIOUS_MOVE = YES;
				CLANG_WARN_UNGUARDED_AVAILABILITY = YES_AGGRESSIVE;
				CLANG_WARN_UNREACHABLE_CODE = YES;
				CLANG_WARN__DUPLICATE_METHOD_MATCH = YES;
				COPY_PHASE_STRIP = NO;
				DEBUG_INFORMATION_FORMAT = "dwarf-with-dsym";
				ENABLE_NS_ASSERTIONS = NO;
				ENABLE_STRICT_OBJC_MSGSEND = YES;
				GCC_C_LANGUAGE_STANDARD = gnu11;
				GCC_NO_COMMON_BLOCKS = YES;
				GCC_WARN_64_TO_32_BIT_CONVERSION = YES;
				GCC_WARN_ABOUT_RETURN_TYPE = YES_ERROR;
				GCC_WARN_UNDECLARED_SELECTOR = YES;
				GCC_WARN_UNINITIALIZED_AUTOS = YES_AGGRESSIVE;
				GCC_WARN_UNUSED_FUNCTION = YES;
				GCC_WARN_UNUSED_VARIABLE = YES;
				IPHONEOS_DEPLOYMENT_TARGET = 14.5;
				MTL_ENABLE_DEBUG_INFO = NO;
				MTL_FAST_MATH = YES;
				SDKROOT = iphoneos;
				SWIFT_COMPILATION_MODE = wholemodule;
				SWIFT_OPTIMIZATION_LEVEL = "-O";
				VALIDATE_PRODUCT = YES;
			};
			name = Release;
		};
		30D3FBE1269DBD4B0067FB26 /* Debug */ = {
			isa = XCBuildConfiguration;
			buildSettings = {
				ASSETCATALOG_COMPILER_APPICON_NAME = AppIcon;
				ASSETCATALOG_COMPILER_GLOBAL_ACCENT_COLOR_NAME = AccentColor;
				CODE_SIGN_STYLE = Automatic;
				DEVELOPMENT_ASSET_PATHS = "\"WorldLandmark/Preview Content\"";
				DEVELOPMENT_TEAM = T8X8L4U33S;
				ENABLE_PREVIEWS = YES;
				INFOPLIST_FILE = WorldLandmark/Info.plist;
				LD_RUNPATH_SEARCH_PATHS = (
					"$(inherited)",
					"@executable_path/Frameworks",
				);
				PRODUCT_BUNDLE_IDENTIFIER = com.pinguo.Test.WorldLandmark;
				PRODUCT_NAME = "$(TARGET_NAME)";
				SWIFT_VERSION = 5.0;
				TARGETED_DEVICE_FAMILY = "1,2";
			};
			name = Debug;
		};
		30D3FBE2269DBD4B0067FB26 /* Release */ = {
			isa = XCBuildConfiguration;
			buildSettings = {
				ASSETCATALOG_COMPILER_APPICON_NAME = AppIcon;
				ASSETCATALOG_COMPILER_GLOBAL_ACCENT_COLOR_NAME = AccentColor;
				CODE_SIGN_STYLE = Automatic;
				DEVELOPMENT_ASSET_PATHS = "\"WorldLandmark/Preview Content\"";
				DEVELOPMENT_TEAM = T8X8L4U33S;
				ENABLE_PREVIEWS = YES;
				INFOPLIST_FILE = WorldLandmark/Info.plist;
				LD_RUNPATH_SEARCH_PATHS = (
					"$(inherited)",
					"@executable_path/Frameworks",
				);
				PRODUCT_BUNDLE_IDENTIFIER = com.pinguo.Test.WorldLandmark;
				PRODUCT_NAME = "$(TARGET_NAME)";
				SWIFT_VERSION = 5.0;
				TARGETED_DEVICE_FAMILY = "1,2";
			};
			name = Release;
		};
/* End XCBuildConfiguration section */

/* Begin XCConfigurationList section */
		30D3FBC7269DBD490067FB26 /* Build configuration list for PBXProject "WorldLandmark" */ = {
			isa = XCConfigurationList;
			buildConfigurations = (
				30D3FBDE269DBD4B0067FB26 /* Debug */,
				30D3FBDF269DBD4B0067FB26 /* Release */,
			);
			defaultConfigurationIsVisible = 0;
			defaultConfigurationName = Release;
		};
		30D3FBE0269DBD4B0067FB26 /* Build configuration list for PBXNativeTarget "WorldLandmark" */ = {
			isa = XCConfigurationList;
			buildConfigurations = (
				30D3FBE1269DBD4B0067FB26 /* Debug */,
				30D3FBE2269DBD4B0067FB26 /* Release */,
			);
			defaultConfigurationIsVisible = 0;
			defaultConfigurationName = Release;
		};
/* End XCConfigurationList section */
	};
	rootObject = 30D3FBC4269DBD490067FB26 /* Project object */;
}
