// !$*UTF8*$!
{
	archiveVersion = 1;
	classes = {
	};
	objectVersion = 50;
	objects = {

/* Begin PBXBuildFile section */
		309522BA26AA521600DA92C3 /* LandmarkDetail.swift in Sources */ = {isa = PBXBuildFile; fileRef = 309522B926AA521600DA92C3 /* LandmarkDetail.swift */; };
		309522BE26AA522500DA92C3 /* MapView.swift in Sources */ = {isa = PBXBuildFile; fileRef = 309522BC26AA522500DA92C3 /* MapView.swift */; };
		309522BF26AA522500DA92C3 /* CircleImage.swift in Sources */ = {isa = PBXBuildFile; fileRef = 309522BD26AA522500DA92C3 /* CircleImage.swift */; };
		309522C126AA616200DA92C3 /* UserData.swift in Sources */ = {isa = PBXBuildFile; fileRef = 309522C026AA616200DA92C3 /* UserData.swift */; };
		309522F326AA6F0300DA92C3 /* charleyrivers.jpg in Resources */ = {isa = PBXBuildFile; fileRef = 309522E526AA6F0300DA92C3 /* charleyrivers.jpg */; };
		309522F426AA6F0300DA92C3 /* turtlerock.jpg in Resources */ = {isa = PBXBuildFile; fileRef = 309522E626AA6F0300DA92C3 /* turtlerock.jpg */; };
		309522F526AA6F0300DA92C3 /* silversalmoncreek.jpg in Resources */ = {isa = PBXBuildFile; fileRef = 309522E726AA6F0300DA92C3 /* silversalmoncreek.jpg */; };
		309522F626AA6F0300DA92C3 /* icybay.jpg in Resources */ = {isa = PBXBuildFile; fileRef = 309522E826AA6F0300DA92C3 /* icybay.jpg */; };
		309522F726AA6F0300DA92C3 /* lakemcdonald.jpg in Resources */ = {isa = PBXBuildFile; fileRef = 309522E926AA6F0300DA92C3 /* lakemcdonald.jpg */; };
		309522F826AA6F0300DA92C3 /* hiddenlake.jpg in Resources */ = {isa = PBXBuildFile; fileRef = 309522EA26AA6F0300DA92C3 /* hiddenlake.jpg */; };
		309522F926AA6F0300DA92C3 /* twinlake.jpg in Resources */ = {isa = PBXBuildFile; fileRef = 309522EB26AA6F0300DA92C3 /* twinlake.jpg */; };
		309522FA26AA6F0300DA92C3 /* umbagog.jpg in Resources */ = {isa = PBXBuildFile; fileRef = 309522EC26AA6F0300DA92C3 /* umbagog.jpg */; };
		309522FB26AA6F0300DA92C3 /* landmarkData.json in Resources */ = {isa = PBXBuildFile; fileRef = 309522ED26AA6F0300DA92C3 /* landmarkData.json */; };
		309522FC26AA6F0300DA92C3 /* chincoteague.jpg in Resources */ = {isa = PBXBuildFile; fileRef = 309522EE26AA6F0300DA92C3 /* chincoteague.jpg */; };
		309522FD26AA6F0300DA92C3 /* stmarylake.jpg in Resources */ = {isa = PBXBuildFile; fileRef = 309522EF26AA6F0300DA92C3 /* stmarylake.jpg */; };
		309522FE26AA6F0300DA92C3 /* chilkoottrail.jpg in Resources */ = {isa = PBXBuildFile; fileRef = 309522F026AA6F0300DA92C3 /* chilkoottrail.jpg */; };
		309522FF26AA6F0300DA92C3 /* rainbowlake.jpg in Resources */ = {isa = PBXBuildFile; fileRef = 309522F126AA6F0300DA92C3 /* rainbowlake.jpg */; };
		3095230126AA6F1100DA92C3 /* Assets.xcassets in Resources */ = {isa = PBXBuildFile; fileRef = 3095230026AA6F1100DA92C3 /* Assets.xcassets */; };
		3095230326AA702C00DA92C3 /* Badge.swift in Sources */ = {isa = PBXBuildFile; fileRef = 3095230226AA702C00DA92C3 /* Badge.swift */; };
		3095230526AA8F7000DA92C3 /* HexagonParameters.swift in Sources */ = {isa = PBXBuildFile; fileRef = 3095230426AA8F7000DA92C3 /* HexagonParameters.swift */; };
		3095230726AA9BDC00DA92C3 /* BadgeBackground.swift in Sources */ = {isa = PBXBuildFile; fileRef = 3095230626AA9BDC00DA92C3 /* BadgeBackground.swift */; };
		3095230926AA9C4A00DA92C3 /* BadgeSymbol.swift in Sources */ = {isa = PBXBuildFile; fileRef = 3095230826AA9C4A00DA92C3 /* BadgeSymbol.swift */; };
		3095230B26AA9E5100DA92C3 /* RotatedBadgeSymbol.swift in Sources */ = {isa = PBXBuildFile; fileRef = 3095230A26AA9E5100DA92C3 /* RotatedBadgeSymbol.swift */; };
		3095230D26AAA55E00DA92C3 /* CategoryHome.swift in Sources */ = {isa = PBXBuildFile; fileRef = 3095230C26AAA55E00DA92C3 /* CategoryHome.swift */; };
		3095230F26AAA7ED00DA92C3 /* CategoryRow.swift in Sources */ = {isa = PBXBuildFile; fileRef = 3095230E26AAA7ED00DA92C3 /* CategoryRow.swift */; };
		30DE2D5226A9702800DC813B /* AppDelegate.swift in Sources */ = {isa = PBXBuildFile; fileRef = 30DE2D5126A9702800DC813B /* AppDelegate.swift */; };
		30DE2D5426A9702800DC813B /* SceneDelegate.swift in Sources */ = {isa = PBXBuildFile; fileRef = 30DE2D5326A9702800DC813B /* SceneDelegate.swift */; };
		30DE2D5626A9702800DC813B /* ContentView.swift in Sources */ = {isa = PBXBuildFile; fileRef = 30DE2D5526A9702800DC813B /* ContentView.swift */; };
		30DE2D5B26A9702A00DC813B /* Preview Assets.xcassets in Resources */ = {isa = PBXBuildFile; fileRef = 30DE2D5A26A9702A00DC813B /* Preview Assets.xcassets */; };
		30DE2D5E26A9702A00DC813B /* LaunchScreen.storyboard in Resources */ = {isa = PBXBuildFile; fileRef = 30DE2D5C26A9702A00DC813B /* LaunchScreen.storyboard */; };
		30DE2D6726A9713500DC813B /* Landmark.swift in Sources */ = {isa = PBXBuildFile; fileRef = 30DE2D6626A9713500DC813B /* Landmark.swift */; };
		30DE2D6926A972A500DC813B /* Data.swift in Sources */ = {isa = PBXBuildFile; fileRef = 30DE2D6826A972A500DC813B /* Data.swift */; };
		30DE2D8626A9738300DC813B /* LandmarkRow.swift in Sources */ = {isa = PBXBuildFile; fileRef = 30DE2D8526A9738300DC813B /* LandmarkRow.swift */; };
		30DE2D8826A9787F00DC813B /* LandmarkList.swift in Sources */ = {isa = PBXBuildFile; fileRef = 30DE2D8726A9787F00DC813B /* LandmarkList.swift */; };
/* End PBXBuildFile section */

/* Begin PBXFileReference section */
		309522B926AA521600DA92C3 /* LandmarkDetail.swift */ = {isa = PBXFileReference; fileEncoding = 4; lastKnownFileType = sourcecode.swift; path = LandmarkDetail.swift; sourceTree = "<group>"; };
		309522BC26AA522500DA92C3 /* MapView.swift */ = {isa = PBXFileReference; fileEncoding = 4; lastKnownFileType = sourcecode.swift; path = MapView.swift; sourceTree = "<group>"; };
		309522BD26AA522500DA92C3 /* CircleImage.swift */ = {isa = PBXFileReference; fileEncoding = 4; lastKnownFileType = sourcecode.swift; path = CircleImage.swift; sourceTree = "<group>"; };
		309522C026AA616200DA92C3 /* UserData.swift */ = {isa = PBXFileReference; lastKnownFileType = sourcecode.swift; path = UserData.swift; sourceTree = "<group>"; };
		309522E526AA6F0300DA92C3 /* charleyrivers.jpg */ = {isa = PBXFileReference; lastKnownFileType = image.jpeg; path = charleyrivers.jpg; sourceTree = "<group>"; };
		309522E626AA6F0300DA92C3 /* turtlerock.jpg */ = {isa = PBXFileReference; lastKnownFileType = image.jpeg; path = turtlerock.jpg; sourceTree = "<group>"; };
		309522E726AA6F0300DA92C3 /* silversalmoncreek.jpg */ = {isa = PBXFileReference; lastKnownFileType = image.jpeg; path = silversalmoncreek.jpg; sourceTree = "<group>"; };
		309522E826AA6F0300DA92C3 /* icybay.jpg */ = {isa = PBXFileReference; lastKnownFileType = image.jpeg; path = icybay.jpg; sourceTree = "<group>"; };
		309522E926AA6F0300DA92C3 /* lakemcdonald.jpg */ = {isa = PBXFileReference; lastKnownFileType = image.jpeg; path = lakemcdonald.jpg; sourceTree = "<group>"; };
		309522EA26AA6F0300DA92C3 /* hiddenlake.jpg */ = {isa = PBXFileReference; lastKnownFileType = image.jpeg; path = hiddenlake.jpg; sourceTree = "<group>"; };
		309522EB26AA6F0300DA92C3 /* twinlake.jpg */ = {isa = PBXFileReference; lastKnownFileType = image.jpeg; path = twinlake.jpg; sourceTree = "<group>"; };
		309522EC26AA6F0300DA92C3 /* umbagog.jpg */ = {isa = PBXFileReference; lastKnownFileType = image.jpeg; path = umbagog.jpg; sourceTree = "<group>"; };
		309522ED26AA6F0300DA92C3 /* landmarkData.json */ = {isa = PBXFileReference; fileEncoding = 4; lastKnownFileType = text.json; path = landmarkData.json; sourceTree = "<group>"; };
		309522EE26AA6F0300DA92C3 /* chincoteague.jpg */ = {isa = PBXFileReference; lastKnownFileType = image.jpeg; path = chincoteague.jpg; sourceTree = "<group>"; };
		309522EF26AA6F0300DA92C3 /* stmarylake.jpg */ = {isa = PBXFileReference; lastKnownFileType = image.jpeg; path = stmarylake.jpg; sourceTree = "<group>"; };
		309522F026AA6F0300DA92C3 /* chilkoottrail.jpg */ = {isa = PBXFileReference; lastKnownFileType = image.jpeg; path = chilkoottrail.jpg; sourceTree = "<group>"; };
		309522F126AA6F0300DA92C3 /* rainbowlake.jpg */ = {isa = PBXFileReference; lastKnownFileType = image.jpeg; path = rainbowlake.jpg; sourceTree = "<group>"; };
		3095230026AA6F1100DA92C3 /* Assets.xcassets */ = {isa = PBXFileReference; lastKnownFileType = folder.assetcatalog; path = Assets.xcassets; sourceTree = "<group>"; };
		3095230226AA702C00DA92C3 /* Badge.swift */ = {isa = PBXFileReference; lastKnownFileType = sourcecode.swift; path = Badge.swift; sourceTree = "<group>"; };
		3095230426AA8F7000DA92C3 /* HexagonParameters.swift */ = {isa = PBXFileReference; fileEncoding = 4; lastKnownFileType = sourcecode.swift; path = HexagonParameters.swift; sourceTree = "<group>"; };
		3095230626AA9BDC00DA92C3 /* BadgeBackground.swift */ = {isa = PBXFileReference; lastKnownFileType = sourcecode.swift; path = BadgeBackground.swift; sourceTree = "<group>"; };
		3095230826AA9C4A00DA92C3 /* BadgeSymbol.swift */ = {isa = PBXFileReference; lastKnownFileType = sourcecode.swift; path = BadgeSymbol.swift; sourceTree = "<group>"; };
		3095230A26AA9E5100DA92C3 /* RotatedBadgeSymbol.swift */ = {isa = PBXFileReference; lastKnownFileType = sourcecode.swift; path = RotatedBadgeSymbol.swift; sourceTree = "<group>"; };
		3095230C26AAA55E00DA92C3 /* CategoryHome.swift */ = {isa = PBXFileReference; lastKnownFileType = sourcecode.swift; path = CategoryHome.swift; sourceTree = "<group>"; };
		3095230E26AAA7ED00DA92C3 /* CategoryRow.swift */ = {isa = PBXFileReference; lastKnownFileType = sourcecode.swift; path = CategoryRow.swift; sourceTree = "<group>"; };
		30DE2D4E26A9702800DC813B /* Landmarks.app */ = {isa = PBXFileReference; explicitFileType = wrapper.application; includeInIndex = 0; path = Landmarks.app; sourceTree = BUILT_PRODUCTS_DIR; };
		30DE2D5126A9702800DC813B /* AppDelegate.swift */ = {isa = PBXFileReference; lastKnownFileType = sourcecode.swift; path = AppDelegate.swift; sourceTree = "<group>"; };
		30DE2D5326A9702800DC813B /* SceneDelegate.swift */ = {isa = PBXFileReference; lastKnownFileType = sourcecode.swift; path = SceneDelegate.swift; sourceTree = "<group>"; };
		30DE2D5526A9702800DC813B /* ContentView.swift */ = {isa = PBXFileReference; lastKnownFileType = sourcecode.swift; path = ContentView.swift; sourceTree = "<group>"; };
		30DE2D5A26A9702A00DC813B /* Preview Assets.xcassets */ = {isa = PBXFileReference; lastKnownFileType = folder.assetcatalog; path = "Preview Assets.xcassets"; sourceTree = "<group>"; };
		30DE2D5D26A9702A00DC813B /* Base */ = {isa = PBXFileReference; lastKnownFileType = file.storyboard; name = Base; path = Base.lproj/LaunchScreen.storyboard; sourceTree = "<group>"; };
		30DE2D5F26A9702A00DC813B /* Info.plist */ = {isa = PBXFileReference; lastKnownFileType = text.plist.xml; path = Info.plist; sourceTree = "<group>"; };
		30DE2D6626A9713500DC813B /* Landmark.swift */ = {isa = PBXFileReference; fileEncoding = 4; lastKnownFileType = sourcecode.swift; path = Landmark.swift; sourceTree = "<group>"; };
		30DE2D6826A972A500DC813B /* Data.swift */ = {isa = PBXFileReference; fileEncoding = 4; lastKnownFileType = sourcecode.swift; path = Data.swift; sourceTree = "<group>"; };
		30DE2D8526A9738300DC813B /* LandmarkRow.swift */ = {isa = PBXFileReference; lastKnownFileType = sourcecode.swift; path = LandmarkRow.swift; sourceTree = "<group>"; };
		30DE2D8726A9787F00DC813B /* LandmarkList.swift */ = {isa = PBXFileReference; lastKnownFileType = sourcecode.swift; path = LandmarkList.swift; sourceTree = "<group>"; };
/* End PBXFileReference section */

/* Begin PBXFrameworksBuildPhase section */
		30DE2D4B26A9702800DC813B /* Frameworks */ = {
			isa = PBXFrameworksBuildPhase;
			buildActionMask = 2147483647;
			files = (
			);
			runOnlyForDeploymentPostprocessing = 0;
		};
/* End PBXFrameworksBuildPhase section */

/* Begin PBXGroup section */
		309522BB26AA522500DA92C3 /* Supporting Views */ = {
			isa = PBXGroup;
			children = (
				309522BC26AA522500DA92C3 /* MapView.swift */,
				309522BD26AA522500DA92C3 /* CircleImage.swift */,
			);
			path = "Supporting Views";
			sourceTree = "<group>";
		};
		309522E326AA6F0300DA92C3 /* Resources */ = {
			isa = PBXGroup;
			children = (
				309522E526AA6F0300DA92C3 /* charleyrivers.jpg */,
				309522E626AA6F0300DA92C3 /* turtlerock.jpg */,
				309522E726AA6F0300DA92C3 /* silversalmoncreek.jpg */,
				309522E826AA6F0300DA92C3 /* icybay.jpg */,
				309522E926AA6F0300DA92C3 /* lakemcdonald.jpg */,
				309522EA26AA6F0300DA92C3 /* hiddenlake.jpg */,
				309522EB26AA6F0300DA92C3 /* twinlake.jpg */,
				309522EC26AA6F0300DA92C3 /* umbagog.jpg */,
				309522ED26AA6F0300DA92C3 /* landmarkData.json */,
				309522EE26AA6F0300DA92C3 /* chincoteague.jpg */,
				309522EF26AA6F0300DA92C3 /* stmarylake.jpg */,
				309522F026AA6F0300DA92C3 /* chilkoottrail.jpg */,
				309522F126AA6F0300DA92C3 /* rainbowlake.jpg */,
			);
			path = Resources;
			sourceTree = "<group>";
		};
		30DE2D4526A9702800DC813B = {
			isa = PBXGroup;
			children = (
				30DE2D5026A9702800DC813B /* Landmarks */,
				30DE2D4F26A9702800DC813B /* Products */,
			);
			sourceTree = "<group>";
		};
		30DE2D4F26A9702800DC813B /* Products */ = {
			isa = PBXGroup;
			children = (
				30DE2D4E26A9702800DC813B /* Landmarks.app */,
			);
			name = Products;
			sourceTree = "<group>";
		};
		30DE2D5026A9702800DC813B /* Landmarks */ = {
			isa = PBXGroup;
			children = (
				30DE2D6526A9712200DC813B /* Models */,
				30DE2D5126A9702800DC813B /* AppDelegate.swift */,
				30DE2D5326A9702800DC813B /* SceneDelegate.swift */,
				30DE2D8726A9787F00DC813B /* LandmarkList.swift */,
				30DE2D8526A9738300DC813B /* LandmarkRow.swift */,
				309522B926AA521600DA92C3 /* LandmarkDetail.swift */,
				3095230426AA8F7000DA92C3 /* HexagonParameters.swift */,
				309522BB26AA522500DA92C3 /* Supporting Views */,
				309522E326AA6F0300DA92C3 /* Resources */,
				30DE2D5526A9702800DC813B /* ContentView.swift */,
				3095230026AA6F1100DA92C3 /* Assets.xcassets */,
				30DE2D5C26A9702A00DC813B /* LaunchScreen.storyboard */,
				30DE2D5F26A9702A00DC813B /* Info.plist */,
				30DE2D5926A9702A00DC813B /* Preview Content */,
				3095230226AA702C00DA92C3 /* Badge.swift */,
				3095230626AA9BDC00DA92C3 /* BadgeBackground.swift */,
				3095230826AA9C4A00DA92C3 /* BadgeSymbol.swift */,
				3095230A26AA9E5100DA92C3 /* RotatedBadgeSymbol.swift */,
				3095230C26AAA55E00DA92C3 /* CategoryHome.swift */,
				3095230E26AAA7ED00DA92C3 /* CategoryRow.swift */,
			);
			path = Landmarks;
			sourceTree = "<group>";
		};
		30DE2D5926A9702A00DC813B /* Preview Content */ = {
			isa = PBXGroup;
			children = (
				30DE2D5A26A9702A00DC813B /* Preview Assets.xcassets */,
			);
			path = "Preview Content";
			sourceTree = "<group>";
		};
		30DE2D6526A9712200DC813B /* Models */ = {
			isa = PBXGroup;
			children = (
				30DE2D6826A972A500DC813B /* Data.swift */,
				30DE2D6626A9713500DC813B /* Landmark.swift */,
				309522C026AA616200DA92C3 /* UserData.swift */,
			);
			path = Models;
			sourceTree = "<group>";
		};
/* End PBXGroup section */

/* Begin PBXNativeTarget section */
		30DE2D4D26A9702800DC813B /* Landmarks */ = {
			isa = PBXNativeTarget;
			buildConfigurationList = 30DE2D6226A9702A00DC813B /* Build configuration list for PBXNativeTarget "Landmarks" */;
			buildPhases = (
				30DE2D4A26A9702800DC813B /* Sources */,
				30DE2D4B26A9702800DC813B /* Frameworks */,
				30DE2D4C26A9702800DC813B /* Resources */,
			);
			buildRules = (
			);
			dependencies = (
			);
			name = Landmarks;
			productName = Landmarks;
			productReference = 30DE2D4E26A9702800DC813B /* Landmarks.app */;
			productType = "com.apple.product-type.application";
		};
/* End PBXNativeTarget section */

/* Begin PBXProject section */
		30DE2D4626A9702800DC813B /* Project object */ = {
			isa = PBXProject;
			attributes = {
				LastSwiftUpdateCheck = 1250;
				LastUpgradeCheck = 1250;
				TargetAttributes = {
					30DE2D4D26A9702800DC813B = {
						CreatedOnToolsVersion = 12.5.1;
					};
				};
			};
			buildConfigurationList = 30DE2D4926A9702800DC813B /* Build configuration list for PBXProject "Landmarks" */;
			compatibilityVersion = "Xcode 9.3";
			developmentRegion = en;
			hasScannedForEncodings = 0;
			knownRegions = (
				en,
				Base,
			);
			mainGroup = 30DE2D4526A9702800DC813B;
			productRefGroup = 30DE2D4F26A9702800DC813B /* Products */;
			projectDirPath = "";
			projectRoot = "";
			targets = (
				30DE2D4D26A9702800DC813B /* Landmarks */,
			);
		};
/* End PBXProject section */

/* Begin PBXResourcesBuildPhase section */
		30DE2D4C26A9702800DC813B /* Resources */ = {
			isa = PBXResourcesBuildPhase;
			buildActionMask = 2147483647;
			files = (
				30DE2D5E26A9702A00DC813B /* LaunchScreen.storyboard in Resources */,
				30DE2D5B26A9702A00DC813B /* Preview Assets.xcassets in Resources */,
				309522F526AA6F0300DA92C3 /* silversalmoncreek.jpg in Resources */,
				309522F326AA6F0300DA92C3 /* charleyrivers.jpg in Resources */,
				309522FC26AA6F0300DA92C3 /* chincoteague.jpg in Resources */,
				3095230126AA6F1100DA92C3 /* Assets.xcassets in Resources */,
				309522FD26AA6F0300DA92C3 /* stmarylake.jpg in Resources */,
				309522FB26AA6F0300DA92C3 /* landmarkData.json in Resources */,
				309522F626AA6F0300DA92C3 /* icybay.jpg in Resources */,
				309522F926AA6F0300DA92C3 /* twinlake.jpg in Resources */,
				309522F726AA6F0300DA92C3 /* lakemcdonald.jpg in Resources */,
				309522F826AA6F0300DA92C3 /* hiddenlake.jpg in Resources */,
				309522FA26AA6F0300DA92C3 /* umbagog.jpg in Resources */,
				309522FF26AA6F0300DA92C3 /* rainbowlake.jpg in Resources */,
				309522FE26AA6F0300DA92C3 /* chilkoottrail.jpg in Resources */,
				309522F426AA6F0300DA92C3 /* turtlerock.jpg in Resources */,
			);
			runOnlyForDeploymentPostprocessing = 0;
		};
/* End PBXResourcesBuildPhase section */

/* Begin PBXSourcesBuildPhase section */
		30DE2D4A26A9702800DC813B /* Sources */ = {
			isa = PBXSourcesBuildPhase;
			buildActionMask = 2147483647;
			files = (
				30DE2D5226A9702800DC813B /* AppDelegate.swift in Sources */,
				3095230326AA702C00DA92C3 /* Badge.swift in Sources */,
				30DE2D6926A972A500DC813B /* Data.swift in Sources */,
				30DE2D8626A9738300DC813B /* LandmarkRow.swift in Sources */,
				30DE2D8826A9787F00DC813B /* LandmarkList.swift in Sources */,
				309522BA26AA521600DA92C3 /* LandmarkDetail.swift in Sources */,
				309522C126AA616200DA92C3 /* UserData.swift in Sources */,
				30DE2D5426A9702800DC813B /* SceneDelegate.swift in Sources */,
				3095230926AA9C4A00DA92C3 /* BadgeSymbol.swift in Sources */,
				30DE2D5626A9702800DC813B /* ContentView.swift in Sources */,
				3095230726AA9BDC00DA92C3 /* BadgeBackground.swift in Sources */,
				3095230526AA8F7000DA92C3 /* HexagonParameters.swift in Sources */,
				309522BE26AA522500DA92C3 /* MapView.swift in Sources */,
				3095230D26AAA55E00DA92C3 /* CategoryHome.swift in Sources */,
				30DE2D6726A9713500DC813B /* Landmark.swift in Sources */,
				309522BF26AA522500DA92C3 /* CircleImage.swift in Sources */,
				3095230F26AAA7ED00DA92C3 /* CategoryRow.swift in Sources */,
				3095230B26AA9E5100DA92C3 /* RotatedBadgeSymbol.swift in Sources */,
			);
			runOnlyForDeploymentPostprocessing = 0;
		};
/* End PBXSourcesBuildPhase section */

/* Begin PBXVariantGroup section */
		30DE2D5C26A9702A00DC813B /* LaunchScreen.storyboard */ = {
			isa = PBXVariantGroup;
			children = (
				30DE2D5D26A9702A00DC813B /* Base */,
			);
			name = LaunchScreen.storyboard;
			sourceTree = "<group>";
		};
/* End PBXVariantGroup section */

/* Begin XCBuildConfiguration section */
		30DE2D6026A9702A00DC813B /* Debug */ = {
			isa = XCBuildConfiguration;
			buildSettings = {
				ALWAYS_SEARCH_USER_PATHS = NO;
				CLANG_ANALYZER_NONNULL = YES;
				CLANG_ANALYZER_NUMBER_OBJECT_CONVERSION = YES_AGGRESSIVE;
				CLANG_CXX_LANGUAGE_STANDARD = "gnu++14";
				CLANG_CXX_LIBRARY = "libc++";
				CLANG_ENABLE_MODULES = YES;
				CLANG_ENABLE_OBJC_ARC = YES;
				CLANG_ENABLE_OBJC_WEAK = YES;
				CLANG_WARN_BLOCK_CAPTURE_AUTORELEASING = YES;
				CLANG_WARN_BOOL_CONVERSION = YES;
				CLANG_WARN_COMMA = YES;
				CLANG_WARN_CONSTANT_CONVERSION = YES;
				CLANG_WARN_DEPRECATED_OBJC_IMPLEMENTATIONS = YES;
				CLANG_WARN_DIRECT_OBJC_ISA_USAGE = YES_ERROR;
				CLANG_WARN_DOCUMENTATION_COMMENTS = YES;
				CLANG_WARN_EMPTY_BODY = YES;
				CLANG_WARN_ENUM_CONVERSION = YES;
				CLANG_WARN_INFINITE_RECURSION = YES;
				CLANG_WARN_INT_CONVERSION = YES;
				CLANG_WARN_NON_LITERAL_NULL_CONVERSION = YES;
				CLANG_WARN_OBJC_IMPLICIT_RETAIN_SELF = YES;
				CLANG_WARN_OBJC_LITERAL_CONVERSION = YES;
				CLANG_WARN_OBJC_ROOT_CLASS = YES_ERROR;
				CLANG_WARN_QUOTED_INCLUDE_IN_FRAMEWORK_HEADER = YES;
				CLANG_WARN_RANGE_LOOP_ANALYSIS = YES;
				CLANG_WARN_STRICT_PROTOTYPES = YES;
				CLANG_WARN_SUSPICIOUS_MOVE = YES;
				CLANG_WARN_UNGUARDED_AVAILABILITY = YES_AGGRESSIVE;
				CLANG_WARN_UNREACHABLE_CODE = YES;
				CLANG_WARN__DUPLICATE_METHOD_MATCH = YES;
				COPY_PHASE_STRIP = NO;
				DEBUG_INFORMATION_FORMAT = dwarf;
				ENABLE_STRICT_OBJC_MSGSEND = YES;
				ENABLE_TESTABILITY = YES;
				GCC_C_LANGUAGE_STANDARD = gnu11;
				GCC_DYNAMIC_NO_PIC = NO;
				GCC_NO_COMMON_BLOCKS = YES;
				GCC_OPTIMIZATION_LEVEL = 0;
				GCC_PREPROCESSOR_DEFINITIONS = (
					"DEBUG=1",
					"$(inherited)",
				);
				GCC_WARN_64_TO_32_BIT_CONVERSION = YES;
				GCC_WARN_ABOUT_RETURN_TYPE = YES_ERROR;
				GCC_WARN_UNDECLARED_SELECTOR = YES;
				GCC_WARN_UNINITIALIZED_AUTOS = YES_AGGRESSIVE;
				GCC_WARN_UNUSED_FUNCTION = YES;
				GCC_WARN_UNUSED_VARIABLE = YES;
				IPHONEOS_DEPLOYMENT_TARGET = 14.5;
				MTL_ENABLE_DEBUG_INFO = INCLUDE_SOURCE;
				MTL_FAST_MATH = YES;
				ONLY_ACTIVE_ARCH = YES;
				SDKROOT = iphoneos;
				SWIFT_ACTIVE_COMPILATION_CONDITIONS = DEBUG;
				SWIFT_OPTIMIZATION_LEVEL = "-Onone";
			};
			name = Debug;
		};
		30DE2D6126A9702A00DC813B /* Release */ = {
			isa = XCBuildConfiguration;
			buildSettings = {
				ALWAYS_SEARCH_USER_PATHS = NO;
				CLANG_ANALYZER_NONNULL = YES;
				CLANG_ANALYZER_NUMBER_OBJECT_CONVERSION = YES_AGGRESSIVE;
				CLANG_CXX_LANGUAGE_STANDARD = "gnu++14";
				CLANG_CXX_LIBRARY = "libc++";
				CLANG_ENABLE_MODULES = YES;
				CLANG_ENABLE_OBJC_ARC = YES;
				CLANG_ENABLE_OBJC_WEAK = YES;
				CLANG_WARN_BLOCK_CAPTURE_AUTORELEASING = YES;
				CLANG_WARN_BOOL_CONVERSION = YES;
				CLANG_WARN_COMMA = YES;
				CLANG_WARN_CONSTANT_CONVERSION = YES;
				CLANG_WARN_DEPRECATED_OBJC_IMPLEMENTATIONS = YES;
				CLANG_WARN_DIRECT_OBJC_ISA_USAGE = YES_ERROR;
				CLANG_WARN_DOCUMENTATION_COMMENTS = YES;
				CLANG_WARN_EMPTY_BODY = YES;
				CLANG_WARN_ENUM_CONVERSION = YES;
				CLANG_WARN_INFINITE_RECURSION = YES;
				CLANG_WARN_INT_CONVERSION = YES;
				CLANG_WARN_NON_LITERAL_NULL_CONVERSION = YES;
				CLANG_WARN_OBJC_IMPLICIT_RETAIN_SELF = YES;
				CLANG_WARN_OBJC_LITERAL_CONVERSION = YES;
				CLANG_WARN_OBJC_ROOT_CLASS = YES_ERROR;
				CLANG_WARN_QUOTED_INCLUDE_IN_FRAMEWORK_HEADER = YES;
				CLANG_WARN_RANGE_LOOP_ANALYSIS = YES;
				CLANG_WARN_STRICT_PROTOTYPES = YES;
				CLANG_WARN_SUSPICIOUS_MOVE = YES;
				CLANG_WARN_UNGUARDED_AVAILABILITY = YES_AGGRESSIVE;
				CLANG_WARN_UNREACHABLE_CODE = YES;
				CLANG_WARN__DUPLICATE_METHOD_MATCH = YES;
				COPY_PHASE_STRIP = NO;
				DEBUG_INFORMATION_FORMAT = "dwarf-with-dsym";
				ENABLE_NS_ASSERTIONS = NO;
				ENABLE_STRICT_OBJC_MSGSEND = YES;
				GCC_C_LANGUAGE_STANDARD = gnu11;
				GCC_NO_COMMON_BLOCKS = YES;
				GCC_WARN_64_TO_32_BIT_CONVERSION = YES;
				GCC_WARN_ABOUT_RETURN_TYPE = YES_ERROR;
				GCC_WARN_UNDECLARED_SELECTOR = YES;
				GCC_WARN_UNINITIALIZED_AUTOS = YES_AGGRESSIVE;
				GCC_WARN_UNUSED_FUNCTION = YES;
				GCC_WARN_UNUSED_VARIABLE = YES;
				IPHONEOS_DEPLOYMENT_TARGET = 14.5;
				MTL_ENABLE_DEBUG_INFO = NO;
				MTL_FAST_MATH = YES;
				SDKROOT = iphoneos;
				SWIFT_COMPILATION_MODE = wholemodule;
				SWIFT_OPTIMIZATION_LEVEL = "-O";
				VALIDATE_PRODUCT = YES;
			};
			name = Release;
		};
		30DE2D6326A9702A00DC813B /* Debug */ = {
			isa = XCBuildConfiguration;
			buildSettings = {
				ASSETCATALOG_COMPILER_APPICON_NAME = AppIcon;
				ASSETCATALOG_COMPILER_GLOBAL_ACCENT_COLOR_NAME = AccentColor;
				CODE_SIGN_STYLE = Automatic;
				DEVELOPMENT_ASSET_PATHS = "\"Landmarks/Preview Content\"";
				DEVELOPMENT_TEAM = T8X8L4U33S;
				ENABLE_PREVIEWS = YES;
				INFOPLIST_FILE = Landmarks/Info.plist;
				LD_RUNPATH_SEARCH_PATHS = (
					"$(inherited)",
					"@executable_path/Frameworks",
				);
				PRODUCT_BUNDLE_IDENTIFIER = com.pinguo.Test.Landmarks;
				PRODUCT_NAME = "$(TARGET_NAME)";
				SWIFT_VERSION = 5.0;
				TARGETED_DEVICE_FAMILY = "1,2";
			};
			name = Debug;
		};
		30DE2D6426A9702A00DC813B /* Release */ = {
			isa = XCBuildConfiguration;
			buildSettings = {
				ASSETCATALOG_COMPILER_APPICON_NAME = AppIcon;
				ASSETCATALOG_COMPILER_GLOBAL_ACCENT_COLOR_NAME = AccentColor;
				CODE_SIGN_STYLE = Automatic;
				DEVELOPMENT_ASSET_PATHS = "\"Landmarks/Preview Content\"";
				DEVELOPMENT_TEAM = T8X8L4U33S;
				ENABLE_PREVIEWS = YES;
				INFOPLIST_FILE = Landmarks/Info.plist;
				LD_RUNPATH_SEARCH_PATHS = (
					"$(inherited)",
					"@executable_path/Frameworks",
				);
				PRODUCT_BUNDLE_IDENTIFIER = com.pinguo.Test.Landmarks;
				PRODUCT_NAME = "$(TARGET_NAME)";
				SWIFT_VERSION = 5.0;
				TARGETED_DEVICE_FAMILY = "1,2";
			};
			name = Release;
		};
/* End XCBuildConfiguration section */

/* Begin XCConfigurationList section */
		30DE2D4926A9702800DC813B /* Build configuration list for PBXProject "Landmarks" */ = {
			isa = XCConfigurationList;
			buildConfigurations = (
				30DE2D6026A9702A00DC813B /* Debug */,
				30DE2D6126A9702A00DC813B /* Release */,
			);
			defaultConfigurationIsVisible = 0;
			defaultConfigurationName = Release;
		};
		30DE2D6226A9702A00DC813B /* Build configuration list for PBXNativeTarget "Landmarks" */ = {
			isa = XCConfigurationList;
			buildConfigurations = (
				30DE2D6326A9702A00DC813B /* Debug */,
				30DE2D6426A9702A00DC813B /* Release */,
			);
			defaultConfigurationIsVisible = 0;
			defaultConfigurationName = Release;
		};
/* End XCConfigurationList section */
	};
	rootObject = 30DE2D4626A9702800DC813B /* Project object */;
}
