// !$*UTF8*$!
{
	archiveVersion = 1;
	classes = {
	};
	objectVersion = 50;
	objects = {

/* Begin PBXBuildFile section */
		300D889226A50BCF003B1E33 /* User.swift in Sources */ = {isa = PBXBuildFile; fileRef = 300D889126A50BCF003B1E33 /* User.swift */; };
		300D889526A50F2C003B1E33 /* Profile.swift in Sources */ = {isa = PBXBuildFile; fileRef = 300D889426A50F2C003B1E33 /* Profile.swift */; };
		300D889726A557D5003B1E33 /* ProfileEditor.swift in Sources */ = {isa = PBXBuildFile; fileRef = 300D889626A557D5003B1E33 /* ProfileEditor.swift */; };
		300D889926A55B82003B1E33 /* PageVC.swift in Sources */ = {isa = PBXBuildFile; fileRef = 300D889826A55B82003B1E33 /* PageVC.swift */; };
		301BCA2626A035DF00771130 /* AppDelegate.swift in Sources */ = {isa = PBXBuildFile; fileRef = 301BCA2526A035DF00771130 /* AppDelegate.swift */; };
		301BCA2826A035DF00771130 /* SceneDelegate.swift in Sources */ = {isa = PBXBuildFile; fileRef = 301BCA2726A035DF00771130 /* SceneDelegate.swift */; };
		301BCA2A26A035DF00771130 /* LandmarkDetail.swift in Sources */ = {isa = PBXBuildFile; fileRef = 301BCA2926A035DF00771130 /* LandmarkDetail.swift */; };
		301BCA2F26A035E200771130 /* Preview Assets.xcassets in Resources */ = {isa = PBXBuildFile; fileRef = 301BCA2E26A035E200771130 /* Preview Assets.xcassets */; };
		301BCA3226A035E200771130 /* LaunchScreen.storyboard in Resources */ = {isa = PBXBuildFile; fileRef = 301BCA3026A035E200771130 /* LaunchScreen.storyboard */; };
		301BCA3A26A03CC100771130 /* MapView.swift in Sources */ = {isa = PBXBuildFile; fileRef = 301BCA3926A03CC100771130 /* MapView.swift */; };
		309326EC26A2714A0073607F /* Landmark.swift in Sources */ = {isa = PBXBuildFile; fileRef = 309326EB26A2714A0073607F /* Landmark.swift */; };
		309326EF26A271B90073607F /* LandmarkCell.swift in Sources */ = {isa = PBXBuildFile; fileRef = 309326EE26A271B90073607F /* LandmarkCell.swift */; };
		309326F126A279780073607F /* LandmarkList.swift in Sources */ = {isa = PBXBuildFile; fileRef = 309326F026A279780073607F /* LandmarkList.swift */; };
		309326F326A2AE530073607F /* UserData.swift in Sources */ = {isa = PBXBuildFile; fileRef = 309326F226A2AE530073607F /* UserData.swift */; };
		309326F526A2B9140073607F /* Assets.xcassets in Resources */ = {isa = PBXBuildFile; fileRef = 309326F426A2B9140073607F /* Assets.xcassets */; };
		309326FA26A2BBD10073607F /* hikeData.json in Resources */ = {isa = PBXBuildFile; fileRef = 309326F926A2BBD10073607F /* hikeData.json */; };
		309326FD26A2BBDE0073607F /* HikeGraph.swift in Sources */ = {isa = PBXBuildFile; fileRef = 309326FB26A2BBDE0073607F /* HikeGraph.swift */; };
		309326FE26A2BBDE0073607F /* GraphCapsule.swift in Sources */ = {isa = PBXBuildFile; fileRef = 309326FC26A2BBDE0073607F /* GraphCapsule.swift */; };
		3093270026A2BC2C0073607F /* HikeView.swift in Sources */ = {isa = PBXBuildFile; fileRef = 309326FF26A2BC2C0073607F /* HikeView.swift */; };
		3093270226A2BCC00073607F /* Hike.swift in Sources */ = {isa = PBXBuildFile; fileRef = 3093270126A2BCC00073607F /* Hike.swift */; };
		3093270426A2C36F0073607F /* Home.swift in Sources */ = {isa = PBXBuildFile; fileRef = 3093270326A2C36F0073607F /* Home.swift */; };
		3093270726A2E00C0073607F /* CategoryCell.swift in Sources */ = {isa = PBXBuildFile; fileRef = 3093270626A2E00C0073607F /* CategoryCell.swift */; };
/* End PBXBuildFile section */

/* Begin PBXFileReference section */
		300D889126A50BCF003B1E33 /* User.swift */ = {isa = PBXFileReference; fileEncoding = 4; lastKnownFileType = sourcecode.swift; path = User.swift; sourceTree = "<group>"; };
		300D889426A50F2C003B1E33 /* Profile.swift */ = {isa = PBXFileReference; lastKnownFileType = sourcecode.swift; path = Profile.swift; sourceTree = "<group>"; };
		300D889626A557D5003B1E33 /* ProfileEditor.swift */ = {isa = PBXFileReference; lastKnownFileType = sourcecode.swift; path = ProfileEditor.swift; sourceTree = "<group>"; };
		300D889826A55B82003B1E33 /* PageVC.swift */ = {isa = PBXFileReference; lastKnownFileType = sourcecode.swift; path = PageVC.swift; sourceTree = "<group>"; };
		301BCA2226A035DF00771130 /* ChinaLandmark.app */ = {isa = PBXFileReference; explicitFileType = wrapper.application; includeInIndex = 0; path = ChinaLandmark.app; sourceTree = BUILT_PRODUCTS_DIR; };
		301BCA2526A035DF00771130 /* AppDelegate.swift */ = {isa = PBXFileReference; lastKnownFileType = sourcecode.swift; path = AppDelegate.swift; sourceTree = "<group>"; };
		301BCA2726A035DF00771130 /* SceneDelegate.swift */ = {isa = PBXFileReference; lastKnownFileType = sourcecode.swift; path = SceneDelegate.swift; sourceTree = "<group>"; };
		301BCA2926A035DF00771130 /* LandmarkDetail.swift */ = {isa = PBXFileReference; lastKnownFileType = sourcecode.swift; path = LandmarkDetail.swift; sourceTree = "<group>"; };
		301BCA2E26A035E200771130 /* Preview Assets.xcassets */ = {isa = PBXFileReference; lastKnownFileType = folder.assetcatalog; path = "Preview Assets.xcassets"; sourceTree = "<group>"; };
		301BCA3126A035E200771130 /* Base */ = {isa = PBXFileReference; lastKnownFileType = file.storyboard; name = Base; path = Base.lproj/LaunchScreen.storyboard; sourceTree = "<group>"; };
		301BCA3326A035E200771130 /* Info.plist */ = {isa = PBXFileReference; lastKnownFileType = text.plist.xml; path = Info.plist; sourceTree = "<group>"; };
		301BCA3926A03CC100771130 /* MapView.swift */ = {isa = PBXFileReference; lastKnownFileType = sourcecode.swift; path = MapView.swift; sourceTree = "<group>"; };
		309326EB26A2714A0073607F /* Landmark.swift */ = {isa = PBXFileReference; fileEncoding = 4; lastKnownFileType = sourcecode.swift; path = Landmark.swift; sourceTree = "<group>"; };
		309326EE26A271B90073607F /* LandmarkCell.swift */ = {isa = PBXFileReference; lastKnownFileType = sourcecode.swift; path = LandmarkCell.swift; sourceTree = "<group>"; };
		309326F026A279780073607F /* LandmarkList.swift */ = {isa = PBXFileReference; lastKnownFileType = sourcecode.swift; path = LandmarkList.swift; sourceTree = "<group>"; };
		309326F226A2AE530073607F /* UserData.swift */ = {isa = PBXFileReference; lastKnownFileType = sourcecode.swift; path = UserData.swift; sourceTree = "<group>"; };
		309326F426A2B9140073607F /* Assets.xcassets */ = {isa = PBXFileReference; lastKnownFileType = folder.assetcatalog; path = Assets.xcassets; sourceTree = "<group>"; };
		309326F926A2BBD10073607F /* hikeData.json */ = {isa = PBXFileReference; fileEncoding = 4; lastKnownFileType = text.json; path = hikeData.json; sourceTree = "<group>"; };
		309326FB26A2BBDE0073607F /* HikeGraph.swift */ = {isa = PBXFileReference; fileEncoding = 4; lastKnownFileType = sourcecode.swift; path = HikeGraph.swift; sourceTree = "<group>"; };
		309326FC26A2BBDE0073607F /* GraphCapsule.swift */ = {isa = PBXFileReference; fileEncoding = 4; lastKnownFileType = sourcecode.swift; path = GraphCapsule.swift; sourceTree = "<group>"; };
		309326FF26A2BC2C0073607F /* HikeView.swift */ = {isa = PBXFileReference; fileEncoding = 4; lastKnownFileType = sourcecode.swift; path = HikeView.swift; sourceTree = "<group>"; };
		3093270126A2BCC00073607F /* Hike.swift */ = {isa = PBXFileReference; fileEncoding = 4; lastKnownFileType = sourcecode.swift; path = Hike.swift; sourceTree = "<group>"; };
		3093270326A2C36F0073607F /* Home.swift */ = {isa = PBXFileReference; lastKnownFileType = sourcecode.swift; path = Home.swift; sourceTree = "<group>"; };
		3093270526A2C5F10073607F /* MyPlayground.playground */ = {isa = PBXFileReference; lastKnownFileType = file.playground; path = MyPlayground.playground; sourceTree = "<group>"; xcLanguageSpecificationIdentifier = xcode.lang.swift; };
		3093270626A2E00C0073607F /* CategoryCell.swift */ = {isa = PBXFileReference; lastKnownFileType = sourcecode.swift; path = CategoryCell.swift; sourceTree = "<group>"; };
/* End PBXFileReference section */

/* Begin PBXFrameworksBuildPhase section */
		301BCA1F26A035DF00771130 /* Frameworks */ = {
			isa = PBXFrameworksBuildPhase;
			buildActionMask = 2147483647;
			files = (
			);
			runOnlyForDeploymentPostprocessing = 0;
		};
/* End PBXFrameworksBuildPhase section */

/* Begin PBXGroup section */
		300D889326A50EC6003B1E33 /* Profile Views */ = {
			isa = PBXGroup;
			children = (
				300D889426A50F2C003B1E33 /* Profile.swift */,
				300D889626A557D5003B1E33 /* ProfileEditor.swift */,
			);
			path = "Profile Views";
			sourceTree = "<group>";
		};
		301BCA1926A035DF00771130 = {
			isa = PBXGroup;
			children = (
				3093270526A2C5F10073607F /* MyPlayground.playground */,
				301BCA2426A035DF00771130 /* ChinaLandmark */,
				301BCA2326A035DF00771130 /* Products */,
			);
			sourceTree = "<group>";
		};
		301BCA2326A035DF00771130 /* Products */ = {
			isa = PBXGroup;
			children = (
				301BCA2226A035DF00771130 /* ChinaLandmark.app */,
			);
			name = Products;
			sourceTree = "<group>";
		};
		301BCA2426A035DF00771130 /* ChinaLandmark */ = {
			isa = PBXGroup;
			children = (
				309326F426A2B9140073607F /* Assets.xcassets */,
				301BCA2526A035DF00771130 /* AppDelegate.swift */,
				301BCA2726A035DF00771130 /* SceneDelegate.swift */,
				309326ED26A271500073607F /* Models */,
				3093270326A2C36F0073607F /* Home.swift */,
				309326F026A279780073607F /* LandmarkList.swift */,
				301BCA2926A035DF00771130 /* LandmarkDetail.swift */,
				309326FF26A2BC2C0073607F /* HikeView.swift */,
				300D889326A50EC6003B1E33 /* Profile Views */,
				309326EA26A271200073607F /* UIViews */,
				309326F626A2BB7F0073607F /* CellViews */,
				309326F726A2BB930073607F /* Supporting Views */,
				309326F826A2BBA30073607F /* Resources */,
				301BCA3026A035E200771130 /* LaunchScreen.storyboard */,
				301BCA3326A035E200771130 /* Info.plist */,
				301BCA2D26A035E200771130 /* Preview Content */,
			);
			path = ChinaLandmark;
			sourceTree = "<group>";
		};
		301BCA2D26A035E200771130 /* Preview Content */ = {
			isa = PBXGroup;
			children = (
				301BCA2E26A035E200771130 /* Preview Assets.xcassets */,
			);
			path = "Preview Content";
			sourceTree = "<group>";
		};
		309326EA26A271200073607F /* UIViews */ = {
			isa = PBXGroup;
			children = (
				301BCA3926A03CC100771130 /* MapView.swift */,
				300D889826A55B82003B1E33 /* PageVC.swift */,
			);
			path = UIViews;
			sourceTree = "<group>";
		};
		309326ED26A271500073607F /* Models */ = {
			isa = PBXGroup;
			children = (
				309326EB26A2714A0073607F /* Landmark.swift */,
				309326F226A2AE530073607F /* UserData.swift */,
				3093270126A2BCC00073607F /* Hike.swift */,
				300D889126A50BCF003B1E33 /* User.swift */,
			);
			path = Models;
			sourceTree = "<group>";
		};
		309326F626A2BB7F0073607F /* CellViews */ = {
			isa = PBXGroup;
			children = (
				309326EE26A271B90073607F /* LandmarkCell.swift */,
				3093270626A2E00C0073607F /* CategoryCell.swift */,
			);
			path = CellViews;
			sourceTree = "<group>";
		};
		309326F726A2BB930073607F /* Supporting Views */ = {
			isa = PBXGroup;
			children = (
				309326FC26A2BBDE0073607F /* GraphCapsule.swift */,
				309326FB26A2BBDE0073607F /* HikeGraph.swift */,
			);
			path = "Supporting Views";
			sourceTree = "<group>";
		};
		309326F826A2BBA30073607F /* Resources */ = {
			isa = PBXGroup;
			children = (
				309326F926A2BBD10073607F /* hikeData.json */,
			);
			path = Resources;
			sourceTree = "<group>";
		};
/* End PBXGroup section */

/* Begin PBXNativeTarget section */
		301BCA2126A035DF00771130 /* ChinaLandmark */ = {
			isa = PBXNativeTarget;
			buildConfigurationList = 301BCA3626A035E200771130 /* Build configuration list for PBXNativeTarget "ChinaLandmark" */;
			buildPhases = (
				301BCA1E26A035DF00771130 /* Sources */,
				301BCA1F26A035DF00771130 /* Frameworks */,
				301BCA2026A035DF00771130 /* Resources */,
			);
			buildRules = (
			);
			dependencies = (
			);
			name = ChinaLandmark;
			productName = ChinaLandmark;
			productReference = 301BCA2226A035DF00771130 /* ChinaLandmark.app */;
			productType = "com.apple.product-type.application";
		};
/* End PBXNativeTarget section */

/* Begin PBXProject section */
		301BCA1A26A035DF00771130 /* Project object */ = {
			isa = PBXProject;
			attributes = {
				LastSwiftUpdateCheck = 1250;
				LastUpgradeCheck = 1250;
				TargetAttributes = {
					301BCA2126A035DF00771130 = {
						CreatedOnToolsVersion = 12.5.1;
					};
				};
			};
			buildConfigurationList = 301BCA1D26A035DF00771130 /* Build configuration list for PBXProject "ChinaLandmark" */;
			compatibilityVersion = "Xcode 9.3";
			developmentRegion = en;
			hasScannedForEncodings = 0;
			knownRegions = (
				en,
				Base,
			);
			mainGroup = 301BCA1926A035DF00771130;
			productRefGroup = 301BCA2326A035DF00771130 /* Products */;
			projectDirPath = "";
			projectRoot = "";
			targets = (
				301BCA2126A035DF00771130 /* ChinaLandmark */,
			);
		};
/* End PBXProject section */

/* Begin PBXResourcesBuildPhase section */
		301BCA2026A035DF00771130 /* Resources */ = {
			isa = PBXResourcesBuildPhase;
			buildActionMask = 2147483647;
			files = (
				309326FA26A2BBD10073607F /* hikeData.json in Resources */,
				301BCA3226A035E200771130 /* LaunchScreen.storyboard in Resources */,
				301BCA2F26A035E200771130 /* Preview Assets.xcassets in Resources */,
				309326F526A2B9140073607F /* Assets.xcassets in Resources */,
			);
			runOnlyForDeploymentPostprocessing = 0;
		};
/* End PBXResourcesBuildPhase section */

/* Begin PBXSourcesBuildPhase section */
		301BCA1E26A035DF00771130 /* Sources */ = {
			isa = PBXSourcesBuildPhase;
			buildActionMask = 2147483647;
			files = (
				309326FE26A2BBDE0073607F /* GraphCapsule.swift in Sources */,
				301BCA2626A035DF00771130 /* AppDelegate.swift in Sources */,
				3093270026A2BC2C0073607F /* HikeView.swift in Sources */,
				3093270726A2E00C0073607F /* CategoryCell.swift in Sources */,
				309326FD26A2BBDE0073607F /* HikeGraph.swift in Sources */,
				309326EF26A271B90073607F /* LandmarkCell.swift in Sources */,
				309326F326A2AE530073607F /* UserData.swift in Sources */,
				300D889926A55B82003B1E33 /* PageVC.swift in Sources */,
				3093270426A2C36F0073607F /* Home.swift in Sources */,
				300D889226A50BCF003B1E33 /* User.swift in Sources */,
				300D889526A50F2C003B1E33 /* Profile.swift in Sources */,
				3093270226A2BCC00073607F /* Hike.swift in Sources */,
				301BCA3A26A03CC100771130 /* MapView.swift in Sources */,
				309326F126A279780073607F /* LandmarkList.swift in Sources */,
				301BCA2826A035DF00771130 /* SceneDelegate.swift in Sources */,
				300D889726A557D5003B1E33 /* ProfileEditor.swift in Sources */,
				301BCA2A26A035DF00771130 /* LandmarkDetail.swift in Sources */,
				309326EC26A2714A0073607F /* Landmark.swift in Sources */,
			);
			runOnlyForDeploymentPostprocessing = 0;
		};
/* End PBXSourcesBuildPhase section */

/* Begin PBXVariantGroup section */
		301BCA3026A035E200771130 /* LaunchScreen.storyboard */ = {
			isa = PBXVariantGroup;
			children = (
				301BCA3126A035E200771130 /* Base */,
			);
			name = LaunchScreen.storyboard;
			sourceTree = "<group>";
		};
/* End PBXVariantGroup section */

/* Begin XCBuildConfiguration section */
		301BCA3426A035E200771130 /* Debug */ = {
			isa = XCBuildConfiguration;
			buildSettings = {
				ALWAYS_SEARCH_USER_PATHS = NO;
				CLANG_ANALYZER_NONNULL = YES;
				CLANG_ANALYZER_NUMBER_OBJECT_CONVERSION = YES_AGGRESSIVE;
				CLANG_CXX_LANGUAGE_STANDARD = "gnu++14";
				CLANG_CXX_LIBRARY = "libc++";
				CLANG_ENABLE_MODULES = YES;
				CLANG_ENABLE_OBJC_ARC = YES;
				CLANG_ENABLE_OBJC_WEAK = YES;
				CLANG_WARN_BLOCK_CAPTURE_AUTORELEASING = YES;
				CLANG_WARN_BOOL_CONVERSION = YES;
				CLANG_WARN_COMMA = YES;
				CLANG_WARN_CONSTANT_CONVERSION = YES;
				CLANG_WARN_DEPRECATED_OBJC_IMPLEMENTATIONS = YES;
				CLANG_WARN_DIRECT_OBJC_ISA_USAGE = YES_ERROR;
				CLANG_WARN_DOCUMENTATION_COMMENTS = YES;
				CLANG_WARN_EMPTY_BODY = YES;
				CLANG_WARN_ENUM_CONVERSION = YES;
				CLANG_WARN_INFINITE_RECURSION = YES;
				CLANG_WARN_INT_CONVERSION = YES;
				CLANG_WARN_NON_LITERAL_NULL_CONVERSION = YES;
				CLANG_WARN_OBJC_IMPLICIT_RETAIN_SELF = YES;
				CLANG_WARN_OBJC_LITERAL_CONVERSION = YES;
				CLANG_WARN_OBJC_ROOT_CLASS = YES_ERROR;
				CLANG_WARN_QUOTED_INCLUDE_IN_FRAMEWORK_HEADER = YES;
				CLANG_WARN_RANGE_LOOP_ANALYSIS = YES;
				CLANG_WARN_STRICT_PROTOTYPES = YES;
				CLANG_WARN_SUSPICIOUS_MOVE = YES;
				CLANG_WARN_UNGUARDED_AVAILABILITY = YES_AGGRESSIVE;
				CLANG_WARN_UNREACHABLE_CODE = YES;
				CLANG_WARN__DUPLICATE_METHOD_MATCH = YES;
				COPY_PHASE_STRIP = NO;
				DEBUG_INFORMATION_FORMAT = dwarf;
				ENABLE_STRICT_OBJC_MSGSEND = YES;
				ENABLE_TESTABILITY = YES;
				GCC_C_LANGUAGE_STANDARD = gnu11;
				GCC_DYNAMIC_NO_PIC = NO;
				GCC_NO_COMMON_BLOCKS = YES;
				GCC_OPTIMIZATION_LEVEL = 0;
				GCC_PREPROCESSOR_DEFINITIONS = (
					"DEBUG=1",
					"$(inherited)",
				);
				GCC_WARN_64_TO_32_BIT_CONVERSION = YES;
				GCC_WARN_ABOUT_RETURN_TYPE = YES_ERROR;
				GCC_WARN_UNDECLARED_SELECTOR = YES;
				GCC_WARN_UNINITIALIZED_AUTOS = YES_AGGRESSIVE;
				GCC_WARN_UNUSED_FUNCTION = YES;
				GCC_WARN_UNUSED_VARIABLE = YES;
				IPHONEOS_DEPLOYMENT_TARGET = 14.5;
				MTL_ENABLE_DEBUG_INFO = INCLUDE_SOURCE;
				MTL_FAST_MATH = YES;
				ONLY_ACTIVE_ARCH = YES;
				SDKROOT = iphoneos;
				SWIFT_ACTIVE_COMPILATION_CONDITIONS = DEBUG;
				SWIFT_OPTIMIZATION_LEVEL = "-Onone";
			};
			name = Debug;
		};
		301BCA3526A035E200771130 /* Release */ = {
			isa = XCBuildConfiguration;
			buildSettings = {
				ALWAYS_SEARCH_USER_PATHS = NO;
				CLANG_ANALYZER_NONNULL = YES;
				CLANG_ANALYZER_NUMBER_OBJECT_CONVERSION = YES_AGGRESSIVE;
				CLANG_CXX_LANGUAGE_STANDARD = "gnu++14";
				CLANG_CXX_LIBRARY = "libc++";
				CLANG_ENABLE_MODULES = YES;
				CLANG_ENABLE_OBJC_ARC = YES;
				CLANG_ENABLE_OBJC_WEAK = YES;
				CLANG_WARN_BLOCK_CAPTURE_AUTORELEASING = YES;
				CLANG_WARN_BOOL_CONVERSION = YES;
				CLANG_WARN_COMMA = YES;
				CLANG_WARN_CONSTANT_CONVERSION = YES;
				CLANG_WARN_DEPRECATED_OBJC_IMPLEMENTATIONS = YES;
				CLANG_WARN_DIRECT_OBJC_ISA_USAGE = YES_ERROR;
				CLANG_WARN_DOCUMENTATION_COMMENTS = YES;
				CLANG_WARN_EMPTY_BODY = YES;
				CLANG_WARN_ENUM_CONVERSION = YES;
				CLANG_WARN_INFINITE_RECURSION = YES;
				CLANG_WARN_INT_CONVERSION = YES;
				CLANG_WARN_NON_LITERAL_NULL_CONVERSION = YES;
				CLANG_WARN_OBJC_IMPLICIT_RETAIN_SELF = YES;
				CLANG_WARN_OBJC_LITERAL_CONVERSION = YES;
				CLANG_WARN_OBJC_ROOT_CLASS = YES_ERROR;
				CLANG_WARN_QUOTED_INCLUDE_IN_FRAMEWORK_HEADER = YES;
				CLANG_WARN_RANGE_LOOP_ANALYSIS = YES;
				CLANG_WARN_STRICT_PROTOTYPES = YES;
				CLANG_WARN_SUSPICIOUS_MOVE = YES;
				CLANG_WARN_UNGUARDED_AVAILABILITY = YES_AGGRESSIVE;
				CLANG_WARN_UNREACHABLE_CODE = YES;
				CLANG_WARN__DUPLICATE_METHOD_MATCH = YES;
				COPY_PHASE_STRIP = NO;
				DEBUG_INFORMATION_FORMAT = "dwarf-with-dsym";
				ENABLE_NS_ASSERTIONS = NO;
				ENABLE_STRICT_OBJC_MSGSEND = YES;
				GCC_C_LANGUAGE_STANDARD = gnu11;
				GCC_NO_COMMON_BLOCKS = YES;
				GCC_WARN_64_TO_32_BIT_CONVERSION = YES;
				GCC_WARN_ABOUT_RETURN_TYPE = YES_ERROR;
				GCC_WARN_UNDECLARED_SELECTOR = YES;
				GCC_WARN_UNINITIALIZED_AUTOS = YES_AGGRESSIVE;
				GCC_WARN_UNUSED_FUNCTION = YES;
				GCC_WARN_UNUSED_VARIABLE = YES;
				IPHONEOS_DEPLOYMENT_TARGET = 14.5;
				MTL_ENABLE_DEBUG_INFO = NO;
				MTL_FAST_MATH = YES;
				SDKROOT = iphoneos;
				SWIFT_COMPILATION_MODE = wholemodule;
				SWIFT_OPTIMIZATION_LEVEL = "-O";
				VALIDATE_PRODUCT = YES;
			};
			name = Release;
		};
		301BCA3726A035E200771130 /* Debug */ = {
			isa = XCBuildConfiguration;
			buildSettings = {
				ASSETCATALOG_COMPILER_APPICON_NAME = AppIcon;
				ASSETCATALOG_COMPILER_GLOBAL_ACCENT_COLOR_NAME = AccentColor;
				CODE_SIGN_STYLE = Automatic;
				DEVELOPMENT_ASSET_PATHS = "\"ChinaLandmark/Preview Content\"";
				DEVELOPMENT_TEAM = T8X8L4U33S;
				ENABLE_PREVIEWS = YES;
				INFOPLIST_FILE = ChinaLandmark/Info.plist;
				LD_RUNPATH_SEARCH_PATHS = (
					"$(inherited)",
					"@executable_path/Frameworks",
				);
				PRODUCT_BUNDLE_IDENTIFIER = com.pinguo.Test.ChinaLandmark;
				PRODUCT_NAME = "$(TARGET_NAME)";
				SWIFT_VERSION = 5.0;
				TARGETED_DEVICE_FAMILY = "1,2";
			};
			name = Debug;
		};
		301BCA3826A035E200771130 /* Release */ = {
			isa = XCBuildConfiguration;
			buildSettings = {
				ASSETCATALOG_COMPILER_APPICON_NAME = AppIcon;
				ASSETCATALOG_COMPILER_GLOBAL_ACCENT_COLOR_NAME = AccentColor;
				CODE_SIGN_STYLE = Automatic;
				DEVELOPMENT_ASSET_PATHS = "\"ChinaLandmark/Preview Content\"";
				DEVELOPMENT_TEAM = T8X8L4U33S;
				ENABLE_PREVIEWS = YES;
				INFOPLIST_FILE = ChinaLandmark/Info.plist;
				LD_RUNPATH_SEARCH_PATHS = (
					"$(inherited)",
					"@executable_path/Frameworks",
				);
				PRODUCT_BUNDLE_IDENTIFIER = com.pinguo.Test.ChinaLandmark;
				PRODUCT_NAME = "$(TARGET_NAME)";
				SWIFT_VERSION = 5.0;
				TARGETED_DEVICE_FAMILY = "1,2";
			};
			name = Release;
		};
/* End XCBuildConfiguration section */

/* Begin XCConfigurationList section */
		301BCA1D26A035DF00771130 /* Build configuration list for PBXProject "ChinaLandmark" */ = {
			isa = XCConfigurationList;
			buildConfigurations = (
				301BCA3426A035E200771130 /* Debug */,
				301BCA3526A035E200771130 /* Release */,
			);
			defaultConfigurationIsVisible = 0;
			defaultConfigurationName = Release;
		};
		301BCA3626A035E200771130 /* Build configuration list for PBXNativeTarget "ChinaLandmark" */ = {
			isa = XCConfigurationList;
			buildConfigurations = (
				301BCA3726A035E200771130 /* Debug */,
				301BCA3826A035E200771130 /* Release */,
			);
			defaultConfigurationIsVisible = 0;
			defaultConfigurationName = Release;
		};
/* End XCConfigurationList section */
	};
	rootObject = 301BCA1A26A035DF00771130 /* Project object */;
}
